
Microsoft Visual Studio Solution File, Format Version 12.00
# Visual Studio Version 17
VisualStudioVersion = 17.7.34202.233
MinimumVisualStudioVersion = 10.0.40219.1
Project("{FAE04EC0-301F-11D3-BF4B-00C04F79EFBC}") = "App", "App\App.csproj", "{5314B5BE-5389-4C44-A952-38CDB0FFD10B}"
EndProject
Project("{FAE04EC0-301F-11D3-BF4B-00C04F79EFBC}") = "BusinessLogic", "BusinessLogic\BusinessLogic.csproj", "{5491F760-374B-4964-A017-CD527C796936}"
EndProject
Global
	GlobalSection(SolutionConfigurationPlatforms) = preSolution
		Debug|Any CPU = Debug|Any CPU
		Release|Any CPU = Release|Any CPU
	EndGlobalSection
	GlobalSection(ProjectConfigurationPlatforms) = postSolution
		{5314B5BE-5389-4C44-A952-38CDB0FFD10B}.Debug|Any CPU.ActiveCfg = Debug|Any CPU
		{5314B5BE-5389-4C44-A952-38CDB0FFD10B}.Debug|Any CPU.Build.0 = Debug|Any CPU
		{5314B5BE-5389-4C44-A952-38CDB0FFD10B}.Release|Any CPU.ActiveCfg = Release|Any CPU
		{5314B5BE-5389-4C44-A952-38CDB0FFD10B}.Release|Any CPU.Build.0 = Release|Any CPU
		{5491F760-374B-4964-A017-CD527C796936}.Debug|Any CPU.ActiveCfg = Debug|Any CPU
		{5491F760-374B-4964-A017-CD527C796936}.Debug|Any CPU.Build.0 = Debug|Any CPU
		{5491F760-374B-4964-A017-CD527C796936}.Release|Any CPU.ActiveCfg = Release|Any CPU
		{5491F760-374B-4964-A017-CD527C796936}.Release|Any CPU.Build.0 = Release|Any CPU
	EndGlobalSection
	GlobalSection(SolutionProperties) = preSolution
		HideSolutionNode = FALSE
	EndGlobalSection
	GlobalSection(ExtensibilityGlobals) = postSolution
		SolutionGuid = {FE79F248-DF84-4901-BDA0-BE49E02B1B06}
	EndGlobalSection
EndGlobal
